
Microsoft Visual Studio Solution File, Format Version 11.00
# Visual Studio 2010
Project("{FAE04EC0-301F-11D3-BF4B-00C04F79EFBC}") = "WindowsFormsApplication12", "WindowsFormsApplication12\WindowsFormsApplication12.csproj", "{207DA80E-9F39-4E4F-A053-153DB9608238}"
EndProject
Global
	GlobalSection(SolutionConfigurationPlatforms) = preSolution
		Debug|x86 = Debug|x86
		Release|x86 = Release|x86
	EndGlobalSection
	GlobalSection(ProjectConfigurationPlatforms) = postSolution
		{207DA80E-9F39-4E4F-A053-153DB9608238}.Debug|x86.ActiveCfg = Debug|x86
		{207DA80E-9F39-4E4F-A053-153DB9608238}.Debug|x86.Build.0 = Debug|x86
		{207DA80E-9F39-4E4F-A053-153DB9608238}.Release|x86.ActiveCfg = Release|x86
		{207DA80E-9F39-4E4F-A053-153DB9608238}.Release|x86.Build.0 = Release|x86
	EndGlobalSection
	GlobalSection(SolutionProperties) = preSolution
		HideSolutionNode = FALSE
	EndGlobalSection
EndGlobal
